
Microsoft Visual Studio Solution File, Format Version 12.00
# Visual Studio Version 17
VisualStudioVersion = 17.7.34031.279
MinimumVisualStudioVersion = 10.0.40219.1
Project("{FAE04EC0-301F-11D3-BF4B-00C04F79EFBC}") = "ConsoleApp4", "ConsoleApp4\ConsoleApp4.csproj", "{098E7094-5579-4777-B084-0551D1F9F032}"
EndProject
Global
	GlobalSection(SolutionConfigurationPlatforms) = preSolution
		Debug|Any CPU = Debug|Any CPU
		Release|Any CPU = Release|Any CPU
	EndGlobalSection
	GlobalSection(ProjectConfigurationPlatforms) = postSolution
		{098E7094-5579-4777-B084-0551D1F9F032}.Debug|Any CPU.ActiveCfg = Debug|Any CPU
		{098E7094-5579-4777-B084-0551D1F9F032}.Debug|Any CPU.Build.0 = Debug|Any CPU
		{098E7094-5579-4777-B084-0551D1F9F032}.Release|Any CPU.ActiveCfg = Release|Any CPU
		{098E7094-5579-4777-B084-0551D1F9F032}.Release|Any CPU.Build.0 = Release|Any CPU
	EndGlobalSection
	GlobalSection(SolutionProperties) = preSolution
		HideSolutionNode = FALSE
	EndGlobalSection
	GlobalSection(ExtensibilityGlobals) = postSolution
		SolutionGuid = {89B762AE-929D-46B7-970E-092E9AE9D0D5}
	EndGlobalSection
EndGlobal
